
Microsoft Visual Studio Solution File, Format Version 12.00
# Visual Studio Version 16
VisualStudioVersion = 16.0.28803.202
MinimumVisualStudioVersion = 10.0.40219.1
Project("{9A19103F-16F7-4668-BE54-9A1E7A4F7556}") = "BoxingYUnboxing", "BoxingYUnboxing\BoxingYUnboxing.csproj", "{38972B3A-2489-4862-9ABD-4AC3D7248666}"
EndProject
Project("{9A19103F-16F7-4668-BE54-9A1E7A4F7556}") = "diccionario", "diccionario\diccionario.csproj", "{2F4AA30F-1879-4F51-9EF3-CFC0ABC8B5FD}"
EndProject
Project("{9A19103F-16F7-4668-BE54-9A1E7A4F7556}") = "Interfaz", "Interfaz\Interfaz.csproj", "{5401B38F-D127-4F6A-9B7F-5080458C5A11}"
EndProject
Project("{9A19103F-16F7-4668-BE54-9A1E7A4F7556}") = "BaseDeDatos5", "BaseDeDatos5\BaseDeDatos5.csproj", "{94CB6B82-3396-4C3F-9C8E-EB6852E41FAB}"
EndProject
Global
	GlobalSection(SolutionConfigurationPlatforms) = preSolution
		Debug|Any CPU = Debug|Any CPU
		Release|Any CPU = Release|Any CPU
	EndGlobalSection
	GlobalSection(ProjectConfigurationPlatforms) = postSolution
		{38972B3A-2489-4862-9ABD-4AC3D7248666}.Debug|Any CPU.ActiveCfg = Debug|Any CPU
		{38972B3A-2489-4862-9ABD-4AC3D7248666}.Debug|Any CPU.Build.0 = Debug|Any CPU
		{38972B3A-2489-4862-9ABD-4AC3D7248666}.Release|Any CPU.ActiveCfg = Release|Any CPU
		{38972B3A-2489-4862-9ABD-4AC3D7248666}.Release|Any CPU.Build.0 = Release|Any CPU
		{2F4AA30F-1879-4F51-9EF3-CFC0ABC8B5FD}.Debug|Any CPU.ActiveCfg = Debug|Any CPU
		{2F4AA30F-1879-4F51-9EF3-CFC0ABC8B5FD}.Debug|Any CPU.Build.0 = Debug|Any CPU
		{2F4AA30F-1879-4F51-9EF3-CFC0ABC8B5FD}.Release|Any CPU.ActiveCfg = Release|Any CPU
		{2F4AA30F-1879-4F51-9EF3-CFC0ABC8B5FD}.Release|Any CPU.Build.0 = Release|Any CPU
		{5401B38F-D127-4F6A-9B7F-5080458C5A11}.Debug|Any CPU.ActiveCfg = Debug|Any CPU
		{5401B38F-D127-4F6A-9B7F-5080458C5A11}.Debug|Any CPU.Build.0 = Debug|Any CPU
		{5401B38F-D127-4F6A-9B7F-5080458C5A11}.Release|Any CPU.ActiveCfg = Release|Any CPU
		{5401B38F-D127-4F6A-9B7F-5080458C5A11}.Release|Any CPU.Build.0 = Release|Any CPU
		{94CB6B82-3396-4C3F-9C8E-EB6852E41FAB}.Debug|Any CPU.ActiveCfg = Debug|Any CPU
		{94CB6B82-3396-4C3F-9C8E-EB6852E41FAB}.Debug|Any CPU.Build.0 = Debug|Any CPU
		{94CB6B82-3396-4C3F-9C8E-EB6852E41FAB}.Release|Any CPU.ActiveCfg = Release|Any CPU
		{94CB6B82-3396-4C3F-9C8E-EB6852E41FAB}.Release|Any CPU.Build.0 = Release|Any CPU
	EndGlobalSection
	GlobalSection(SolutionProperties) = preSolution
		HideSolutionNode = FALSE
	EndGlobalSection
	GlobalSection(ExtensibilityGlobals) = postSolution
		SolutionGuid = {F8EA8E32-CDD6-462F-A767-B4215070876C}
	EndGlobalSection
EndGlobal
